
Microsoft Visual Studio Solution File, Format Version 12.00
# Visual Studio 15
VisualStudioVersion = 15.0.28307.168
MinimumVisualStudioVersion = 10.0.40219.1
Project("{FAE04EC0-301F-11D3-BF4B-00C04F79EFBC}") = "csharpmatic", "csharpmatic\csharpmatic.csproj", "{D3C127BA-763D-41C8-84A2-6A4677588767}"
EndProject
Project("{FAE04EC0-301F-11D3-BF4B-00C04F79EFBC}") = "InterfaceGenerator", "InterfaceGenerator\InterfaceGenerator.csproj", "{EF7E9BB7-5AE5-4834-8553-37B4092629E1}"
EndProject
Project("{2150E333-8FDC-42A3-9474-1A3956D46DE8}") = "Samples", "Samples", "{00178263-1F68-4E6B-99D2-C91570495BF1}"
EndProject
Project("{FAE04EC0-301F-11D3-BF4B-00C04F79EFBC}") = "Samples.ShowEvents", "Samples.ShowEvents\Samples.ShowEvents.csproj", "{FDFB154F-B2AD-415E-A422-36B9F54C905D}"
EndProject
Project("{FAE04EC0-301F-11D3-BF4B-00C04F79EFBC}") = "Samples.ToggleButton", "Samples.ToggleButton\Samples.ToggleButton.csproj", "{65715C2F-8F52-46F7-BF88-E6757D00B40F}"
EndProject
Project("{FAE04EC0-301F-11D3-BF4B-00C04F79EFBC}") = "Samples.ShowInterfaces", "Samples.ShowInterfaces\Samples.ShowInterfaces.csproj", "{D05AF72C-0C76-4884-918F-2B7199BE6640}"
EndProject
Project("{FAE04EC0-301F-11D3-BF4B-00C04F79EFBC}") = "Samples.ManageTemp", "Samples.ManageTemp\Samples.ManageTemp.csproj", "{6F19A5D7-C53D-4A2A-BC21-9988D704D15F}"
EndProject
Project("{FAE04EC0-301F-11D3-BF4B-00C04F79EFBC}") = "Samples.JsonRPC", "Samples.JsonRPC\Samples.JsonRPC.csproj", "{140B3D75-8468-4A36-ACCD-0D928C005BC2}"
EndProject
Project("{FAE04EC0-301F-11D3-BF4B-00C04F79EFBC}") = "JsonRPC", "JsonRPC\JsonRPC.csproj", "{A9B68C90-2286-4CF2-8FBB-7318C5619F64}"
EndProject
Project("{2150E333-8FDC-42A3-9474-1A3956D46DE8}") = "Solution Items", "Solution Items", "{7B55F0B9-BAD3-477F-8E5F-2BAC1939EC71}"
	ProjectSection(SolutionItems) = preProject
		README.md = README.md
	EndProjectSection
EndProject
Project("{FAE04EC0-301F-11D3-BF4B-00C04F79EFBC}") = "Samples.Automations", "Samples.Automations\Samples.Automations.csproj", "{55E5A067-DC0B-46C2-BA4F-83BC01A00E09}"
EndProject
Project("{FAE04EC0-301F-11D3-BF4B-00C04F79EFBC}") = "Samples.RestApi", "Samples.RestApi\Samples.RestApi.csproj", "{8F19B03E-FF0D-47AC-BEF4-6353565403E8}"
EndProject
Project("{FAE04EC0-301F-11D3-BF4B-00C04F79EFBC}") = "HomeAutomationService", "HouseAutomationService\HomeAutomationService.csproj", "{B35AFF3E-5F44-4A11-B46F-65DFA2B6BFBC}"
EndProject
Project("{FAE04EC0-301F-11D3-BF4B-00C04F79EFBC}") = "Samples.WebServer", "Samples.WebServer\Samples.WebServer.csproj", "{16CF27E3-59A3-4BE0-B203-5730AB7AFF9B}"
EndProject
Project("{FAE04EC0-301F-11D3-BF4B-00C04F79EFBC}") = "Samples.Alarm", "Samples.Alarm\Samples.Alarm.csproj", "{78F8739E-48EC-45DA-8A98-A3DC96851079}"
	ProjectSection(ProjectDependencies) = postProject
		{D3C127BA-763D-41C8-84A2-6A4677588767} = {D3C127BA-763D-41C8-84A2-6A4677588767}
	EndProjectSection
EndProject
Global
	GlobalSection(Performance) = preSolution
		HasPerformanceSessions = true
	EndGlobalSection
	GlobalSection(SolutionConfigurationPlatforms) = preSolution
		Debug|Any CPU = Debug|Any CPU
		Release|Any CPU = Release|Any CPU
	EndGlobalSection
	GlobalSection(ProjectConfigurationPlatforms) = postSolution
		{D3C127BA-763D-41C8-84A2-6A4677588767}.Debug|Any CPU.ActiveCfg = Debug|Any CPU
		{D3C127BA-763D-41C8-84A2-6A4677588767}.Debug|Any CPU.Build.0 = Debug|Any CPU
		{D3C127BA-763D-41C8-84A2-6A4677588767}.Release|Any CPU.ActiveCfg = Release|Any CPU
		{D3C127BA-763D-41C8-84A2-6A4677588767}.Release|Any CPU.Build.0 = Release|Any CPU
		{EF7E9BB7-5AE5-4834-8553-37B4092629E1}.Debug|Any CPU.ActiveCfg = Debug|Any CPU
		{EF7E9BB7-5AE5-4834-8553-37B4092629E1}.Debug|Any CPU.Build.0 = Debug|Any CPU
		{EF7E9BB7-5AE5-4834-8553-37B4092629E1}.Release|Any CPU.ActiveCfg = Release|Any CPU
		{EF7E9BB7-5AE5-4834-8553-37B4092629E1}.Release|Any CPU.Build.0 = Release|Any CPU
		{FDFB154F-B2AD-415E-A422-36B9F54C905D}.Debug|Any CPU.ActiveCfg = Debug|Any CPU
		{FDFB154F-B2AD-415E-A422-36B9F54C905D}.Debug|Any CPU.Build.0 = Debug|Any CPU
		{FDFB154F-B2AD-415E-A422-36B9F54C905D}.Release|Any CPU.ActiveCfg = Release|Any CPU
		{FDFB154F-B2AD-415E-A422-36B9F54C905D}.Release|Any CPU.Build.0 = Release|Any CPU
		{65715C2F-8F52-46F7-BF88-E6757D00B40F}.Debug|Any CPU.ActiveCfg = Debug|Any CPU
		{65715C2F-8F52-46F7-BF88-E6757D00B40F}.Debug|Any CPU.Build.0 = Debug|Any CPU
		{65715C2F-8F52-46F7-BF88-E6757D00B40F}.Release|Any CPU.ActiveCfg = Release|Any CPU
		{65715C2F-8F52-46F7-BF88-E6757D00B40F}.Release|Any CPU.Build.0 = Release|Any CPU
		{D05AF72C-0C76-4884-918F-2B7199BE6640}.Debug|Any CPU.ActiveCfg = Debug|Any CPU
		{D05AF72C-0C76-4884-918F-2B7199BE6640}.Debug|Any CPU.Build.0 = Debug|Any CPU
		{D05AF72C-0C76-4884-918F-2B7199BE6640}.Release|Any CPU.ActiveCfg = Release|Any CPU
		{D05AF72C-0C76-4884-918F-2B7199BE6640}.Release|Any CPU.Build.0 = Release|Any CPU
		{6F19A5D7-C53D-4A2A-BC21-9988D704D15F}.Debug|Any CPU.ActiveCfg = Debug|Any CPU
		{6F19A5D7-C53D-4A2A-BC21-9988D704D15F}.Debug|Any CPU.Build.0 = Debug|Any CPU
		{6F19A5D7-C53D-4A2A-BC21-9988D704D15F}.Release|Any CPU.ActiveCfg = Release|Any CPU
		{6F19A5D7-C53D-4A2A-BC21-9988D704D15F}.Release|Any CPU.Build.0 = Release|Any CPU
		{140B3D75-8468-4A36-ACCD-0D928C005BC2}.Debug|Any CPU.ActiveCfg = Debug|Any CPU
		{140B3D75-8468-4A36-ACCD-0D928C005BC2}.Debug|Any CPU.Build.0 = Debug|Any CPU
		{140B3D75-8468-4A36-ACCD-0D928C005BC2}.Release|Any CPU.ActiveCfg = Release|Any CPU
		{140B3D75-8468-4A36-ACCD-0D928C005BC2}.Release|Any CPU.Build.0 = Release|Any CPU
		{A9B68C90-2286-4CF2-8FBB-7318C5619F64}.Debug|Any CPU.ActiveCfg = Debug|Any CPU
		{A9B68C90-2286-4CF2-8FBB-7318C5619F64}.Debug|Any CPU.Build.0 = Debug|Any CPU
		{A9B68C90-2286-4CF2-8FBB-7318C5619F64}.Release|Any CPU.ActiveCfg = Release|Any CPU
		{A9B68C90-2286-4CF2-8FBB-7318C5619F64}.Release|Any CPU.Build.0 = Release|Any CPU
		{55E5A067-DC0B-46C2-BA4F-83BC01A00E09}.Debug|Any CPU.ActiveCfg = Debug|Any CPU
		{55E5A067-DC0B-46C2-BA4F-83BC01A00E09}.Debug|Any CPU.Build.0 = Debug|Any CPU
		{55E5A067-DC0B-46C2-BA4F-83BC01A00E09}.Release|Any CPU.ActiveCfg = Release|Any CPU
		{55E5A067-DC0B-46C2-BA4F-83BC01A00E09}.Release|Any CPU.Build.0 = Release|Any CPU
		{8F19B03E-FF0D-47AC-BEF4-6353565403E8}.Debug|Any CPU.ActiveCfg = Debug|Any CPU
		{8F19B03E-FF0D-47AC-BEF4-6353565403E8}.Debug|Any CPU.Build.0 = Debug|Any CPU
		{8F19B03E-FF0D-47AC-BEF4-6353565403E8}.Release|Any CPU.ActiveCfg = Release|Any CPU
		{8F19B03E-FF0D-47AC-BEF4-6353565403E8}.Release|Any CPU.Build.0 = Release|Any CPU
		{B35AFF3E-5F44-4A11-B46F-65DFA2B6BFBC}.Debug|Any CPU.ActiveCfg = Debug|Any CPU
		{B35AFF3E-5F44-4A11-B46F-65DFA2B6BFBC}.Debug|Any CPU.Build.0 = Debug|Any CPU
		{B35AFF3E-5F44-4A11-B46F-65DFA2B6BFBC}.Release|Any CPU.ActiveCfg = Release|Any CPU
		{B35AFF3E-5F44-4A11-B46F-65DFA2B6BFBC}.Release|Any CPU.Build.0 = Release|Any CPU
		{16CF27E3-59A3-4BE0-B203-5730AB7AFF9B}.Debug|Any CPU.ActiveCfg = Debug|Any CPU
		{16CF27E3-59A3-4BE0-B203-5730AB7AFF9B}.Debug|Any CPU.Build.0 = Debug|Any CPU
		{16CF27E3-59A3-4BE0-B203-5730AB7AFF9B}.Release|Any CPU.ActiveCfg = Release|Any CPU
		{16CF27E3-59A3-4BE0-B203-5730AB7AFF9B}.Release|Any CPU.Build.0 = Release|Any CPU
		{78F8739E-48EC-45DA-8A98-A3DC96851079}.Debug|Any CPU.ActiveCfg = Debug|Any CPU
		{78F8739E-48EC-45DA-8A98-A3DC96851079}.Debug|Any CPU.Build.0 = Debug|Any CPU
		{78F8739E-48EC-45DA-8A98-A3DC96851079}.Release|Any CPU.ActiveCfg = Release|Any CPU
		{78F8739E-48EC-45DA-8A98-A3DC96851079}.Release|Any CPU.Build.0 = Release|Any CPU
	EndGlobalSection
	GlobalSection(SolutionProperties) = preSolution
		HideSolutionNode = FALSE
	EndGlobalSection
	GlobalSection(NestedProjects) = preSolution
		{FDFB154F-B2AD-415E-A422-36B9F54C905D} = {00178263-1F68-4E6B-99D2-C91570495BF1}
		{65715C2F-8F52-46F7-BF88-E6757D00B40F} = {00178263-1F68-4E6B-99D2-C91570495BF1}
		{D05AF72C-0C76-4884-918F-2B7199BE6640} = {00178263-1F68-4E6B-99D2-C91570495BF1}
		{6F19A5D7-C53D-4A2A-BC21-9988D704D15F} = {00178263-1F68-4E6B-99D2-C91570495BF1}
		{140B3D75-8468-4A36-ACCD-0D928C005BC2} = {00178263-1F68-4E6B-99D2-C91570495BF1}
		{55E5A067-DC0B-46C2-BA4F-83BC01A00E09} = {00178263-1F68-4E6B-99D2-C91570495BF1}
		{8F19B03E-FF0D-47AC-BEF4-6353565403E8} = {00178263-1F68-4E6B-99D2-C91570495BF1}
		{16CF27E3-59A3-4BE0-B203-5730AB7AFF9B} = {00178263-1F68-4E6B-99D2-C91570495BF1}
		{78F8739E-48EC-45DA-8A98-A3DC96851079} = {00178263-1F68-4E6B-99D2-C91570495BF1}
	EndGlobalSection
	GlobalSection(ExtensibilityGlobals) = postSolution
		SolutionGuid = {A7A4F988-4410-461B-AAC9-E9A3F9533F73}
	EndGlobalSection
	GlobalSection(Performance) = preSolution
		HasPerformanceSessions = true
	EndGlobalSection
	GlobalSection(Performance) = preSolution
		HasPerformanceSessions = true
	EndGlobalSection
	GlobalSection(Performance) = preSolution
		HasPerformanceSessions = true
	EndGlobalSection
EndGlobal
